
Microsoft Visual Studio Solution File, Format Version 12.00
# Visual Studio Version 16
VisualStudioVersion = 16.0.33027.164
MinimumVisualStudioVersion = 10.0.40219.1
Project("{9A19103F-16F7-4668-BE54-9A1E7A4F7556}") = "HoI4-TranslationHelper", "HoI4-TranslationHelper.csproj", "{4DDBA1D0-B5BD-405E-AA97-16EE68B8175D}"
EndProject
Project("{FAE04EC0-301F-11D3-BF4B-00C04F79EFBC}") = "HoI4-TranslationHelper_Test", "..\HoI4-TranslationHelper_Test\HoI4-TranslationHelper_Test.csproj", "{63E30FDA-82C2-4A4E-A564-B7B1B1126EAA}"
EndProject
Global
	GlobalSection(SolutionConfigurationPlatforms) = preSolution
		Debug|Any CPU = Debug|Any CPU
		Release|Any CPU = Release|Any CPU
	EndGlobalSection
	GlobalSection(ProjectConfigurationPlatforms) = postSolution
		{4DDBA1D0-B5BD-405E-AA97-16EE68B8175D}.Debug|Any CPU.ActiveCfg = Debug|Any CPU
		{4DDBA1D0-B5BD-405E-AA97-16EE68B8175D}.Debug|Any CPU.Build.0 = Debug|Any CPU
		{4DDBA1D0-B5BD-405E-AA97-16EE68B8175D}.Release|Any CPU.ActiveCfg = Release|Any CPU
		{4DDBA1D0-B5BD-405E-AA97-16EE68B8175D}.Release|Any CPU.Build.0 = Release|Any CPU
		{63E30FDA-82C2-4A4E-A564-B7B1B1126EAA}.Debug|Any CPU.ActiveCfg = Debug|Any CPU
		{63E30FDA-82C2-4A4E-A564-B7B1B1126EAA}.Debug|Any CPU.Build.0 = Debug|Any CPU
		{63E30FDA-82C2-4A4E-A564-B7B1B1126EAA}.Release|Any CPU.ActiveCfg = Release|Any CPU
		{63E30FDA-82C2-4A4E-A564-B7B1B1126EAA}.Release|Any CPU.Build.0 = Release|Any CPU
	EndGlobalSection
	GlobalSection(SolutionProperties) = preSolution
		HideSolutionNode = FALSE
	EndGlobalSection
	GlobalSection(ExtensibilityGlobals) = postSolution
		SolutionGuid = {C8A1ABE1-B458-482F-9EA8-0E6EFDFD2CEE}
	EndGlobalSection
EndGlobal
